{
  "name": "2useful_module",
  "version": "1.0.0",
  "lockfileVersion": 3,
  "requires": true,
  "packages": {
    "": {
      "name": "2useful_module",
      "version": "1.0.0",
      "license": "ISC",
      "dependencies": {
        "the-types-counter-in-the-object-node-js": "^1.0.2"
      }
    },
    "node_modules/the-types-counter-in-the-object-node-js": {
      "version": "1.0.2",
      "resolved": "https://registry.npmjs.org/the-types-counter-in-the-object-node-js/-/the-types-counter-in-the-object-node-js-1.0.2.tgz",
      "integrity": "sha512-TPTV1mbQy8dD4MTkKelfzeY/Yrdx6WblFOBoOMYLtS13bYqe0xGu0zSLVczzcPAZn/mZzrsEtlyB8usStJJobg=="
    }
  }
}
